
Microsoft Visual Studio Solution File, Format Version 12.00
# Visual Studio Version 17
VisualStudioVersion = 17.9.34622.214
MinimumVisualStudioVersion = 10.0.40219.1
Project("{FAE04EC0-301F-11D3-BF4B-00C04F79EFBC}") = "StudentPortal.Web", "StudentPortal.Web\StudentPortal.Web.csproj", "{5902D708-5872-4281-8BAE-F47DE2DC6ECD}"
EndProject
Global
	GlobalSection(SolutionConfigurationPlatforms) = preSolution
		Debug|Any CPU = Debug|Any CPU
		Release|Any CPU = Release|Any CPU
	EndGlobalSection
	GlobalSection(ProjectConfigurationPlatforms) = postSolution
		{5902D708-5872-4281-8BAE-F47DE2DC6ECD}.Debug|Any CPU.ActiveCfg = Debug|Any CPU
		{5902D708-5872-4281-8BAE-F47DE2DC6ECD}.Debug|Any CPU.Build.0 = Debug|Any CPU
		{5902D708-5872-4281-8BAE-F47DE2DC6ECD}.Release|Any CPU.ActiveCfg = Release|Any CPU
		{5902D708-5872-4281-8BAE-F47DE2DC6ECD}.Release|Any CPU.Build.0 = Release|Any CPU
	EndGlobalSection
	GlobalSection(SolutionProperties) = preSolution
		HideSolutionNode = FALSE
	EndGlobalSection
	GlobalSection(ExtensibilityGlobals) = postSolution
		SolutionGuid = {3DA1CB02-ADC2-46D3-BC79-D80042F3163A}
	EndGlobalSection
EndGlobal
